<?xml version="1.0" encoding="utf-8"?>
<Project ToolsVersion="4.0" xmlns="http://schemas.microsoft.com/developer/msbuild/2003">
  <ItemGroup>
    <Filter Include="Ludus">
      <UniqueIdentifier>{B227A00D-1E3C-C8BE-E7BD-6B1E5391C4EF}</UniqueIdentifier>
    </Filter>
  </ItemGroup>
  <ItemGroup>
    <ClInclude Include="src\Ludus.h" />
    <ClInclude Include="src\Ludus\Core\Application.h">
      <Filter>Ludus</Filter>
    </ClInclude>
    <ClInclude Include="src\Ludus\Core\Core.h">
      <Filter>Ludus</Filter>
    </ClInclude>
    <ClInclude Include="src\Ludus\Core\EntryPoint.h">
      <Filter>Ludus</Filter>
    </ClInclude>
    <ClInclude Include="src\Ludus\Core\Log.h">
      <Filter>Ludus</Filter>
    </ClInclude>
    <ClInclude Include="src\Ludus\Events\Event.h" />
    <ClInclude Include="src\Ludus\Events\KeyEvent.h" />
    <ClInclude Include="src\Ludus\Core\Input.h" />
    <ClInclude Include="src\Ludus\Core\KeyCodes.h" />
    <ClInclude Include="src\Ludus\Core\MouseCodes.h" />
    <ClInclude Include="src\ldpch.h" />
    <ClInclude Include="src\Platform\Windows\WindowsInput.h" />
    <ClInclude Include="src\Ludus\Events\MouseEvent.h" />
    <ClInclude Include="src\Ludus\Events\ApplicationEvent.h" />
    <ClInclude Include="src\Ludus\Core\Base.h" />
    <ClInclude Include="src\Ludus\Core\PlatformDetection.h" />
    <ClInclude Include="src\Ludus\Core\Assert.h" />
    <ClInclude Include="src\Ludus\Debug\Instrumentor.h" />
  </ItemGroup>
  <ItemGroup>
    <ClCompile Include="src\Ludus\Core\Application.cpp">
      <Filter>Ludus</Filter>
    </ClCompile>
    <ClCompile Include="src\Ludus\Core\Log.cpp">
      <Filter>Ludus</Filter>
    </ClCompile>
    <ClCompile Include="src\Ludus\Core\Input.cpp" />
    <ClCompile Include="src\ldpch.cpp" />
    <ClCompile Include="src\Platform\Windows\WindowsInput.cpp" />
  </ItemGroup>
</Project>